
Microsoft Visual Studio Solution File, Format Version 12.00
# Visual Studio 2012
Project("{FAE04EC0-301F-11D3-BF4B-00C04F79EFBC}") = "diplom", "diplom\diplom.csproj", "{D05747C8-FB05-41B1-A1FF-83E04146F68A}"
EndProject
Global
	GlobalSection(SolutionConfigurationPlatforms) = preSolution
		Debug|Any CPU = Debug|Any CPU
		Release|Any CPU = Release|Any CPU
	EndGlobalSection
	GlobalSection(ProjectConfigurationPlatforms) = postSolution
		{D05747C8-FB05-41B1-A1FF-83E04146F68A}.Debug|Any CPU.ActiveCfg = Debug|Any CPU
		{D05747C8-FB05-41B1-A1FF-83E04146F68A}.Debug|Any CPU.Build.0 = Debug|Any CPU
		{D05747C8-FB05-41B1-A1FF-83E04146F68A}.Release|Any CPU.ActiveCfg = Release|Any CPU
		{D05747C8-FB05-41B1-A1FF-83E04146F68A}.Release|Any CPU.Build.0 = Release|Any CPU
	EndGlobalSection
	GlobalSection(SolutionProperties) = preSolution
		HideSolutionNode = FALSE
	EndGlobalSection
EndGlobal
